{
  "name": "abap2ui5-rfc-connector",
  "version": "1.0.0",
  "lockfileVersion": 3,
  "requires": true,
  "packages": {
    "": {
      "name": "abap2ui5-rfc-connector",
      "version": "1.0.0",
      "license": "MIT",
      "devDependencies": {
        "@abap2ui5/linter": "^0.8.3",
        "@abaplint/cli": "^2.120.65"
      },
      "engines": {
        "node": ">=22"
      }
    },
    "node_modules/@abap2ui5/linter": {
      "version": "0.8.5",
      "resolved": "https://registry.npmjs.org/@abap2ui5/linter/-/linter-0.8.5.tgz",
      "integrity": "sha512-GSqWvLRhFU8F5dOv/DT/nbouVN4B3zWRvPibaK1SCXzpW6bj5LcYDIJPDVce7g8Qoz8WkFaJkw3aTn/5OKqJmA==",
      "dev": true,
      "license": "MIT",
      "workspaces": [
        "linter-render"
      ],
      "bin": {
        "abap2ui5-lint": "cli.mjs",
        "abap2ui5lint": "cli.mjs"
      },
      "engines": {
        "node": ">=22"
      },
      "peerDependencies": {
        "@abap2ui5/linter-render": ">=0.8.0 <0.9.0",
        "@abap2ui5/render-runtime": ">=0.1.0 <0.8.0"
      },
      "peerDependenciesMeta": {
        "@abap2ui5/linter-render": {
          "optional": true
        },
        "@abap2ui5/render-runtime": {
          "optional": true
        }
      }
    },
    "node_modules/@abaplint/cli": {
      "version": "2.120.65",
      "resolved": "https://registry.npmjs.org/@abaplint/cli/-/cli-2.120.65.tgz",
      "integrity": "sha512-RfJghBhwSmc+VaTqFHViZV6yat2566Y/NeVachePnaD9swuY1gp7s3NaONVM4MJgzf150tgIWpPBlEseSBT3Uw==",
      "dev": true,
      "license": "MIT",
      "bin": {
        "abaplint": "abaplint"
      },
      "engines": {
        "node": ">=22.0.0"
      },
      "funding": {
        "url": "https://github.com/sponsors/larshp"
      }
    }
  }
}
